
Microsoft Visual Studio Solution File, Format Version 12.00
# Visual Studio Version 17
VisualStudioVersion = 17.9.34728.123
MinimumVisualStudioVersion = 10.0.40219.1
Project("{888888A0-9F3D-457C-B088-3A5042F75D52}") = "point-cloud", "point-cloud.pyproj", "{25FE018A-6CA6-4A0B-956B-BB72348925B0}"
EndProject
Global
	GlobalSection(SolutionConfigurationPlatforms) = preSolution
		Debug|Any CPU = Debug|Any CPU
		Release|Any CPU = Release|Any CPU
	EndGlobalSection
	GlobalSection(ProjectConfigurationPlatforms) = postSolution
		{25FE018A-6CA6-4A0B-956B-BB72348925B0}.Debug|Any CPU.ActiveCfg = Debug|Any CPU
		{25FE018A-6CA6-4A0B-956B-BB72348925B0}.Release|Any CPU.ActiveCfg = Release|Any CPU
	EndGlobalSection
	GlobalSection(SolutionProperties) = preSolution
		HideSolutionNode = FALSE
	EndGlobalSection
	GlobalSection(ExtensibilityGlobals) = postSolution
		SolutionGuid = {8D919510-E423-4A53-8C44-034BC4DCBA6E}
	EndGlobalSection
EndGlobal
